<?xml version="1.0" encoding="utf-8"?>
<Project ToolsVersion="4.0" xmlns="http://schemas.microsoft.com/developer/msbuild/2003">
  <ItemGroup>
    <Filter Include="Source Files">
      <UniqueIdentifier>{4FC737F1-C7A5-4376-A066-2A32D752A2FF}</UniqueIdentifier>
      <Extensions>cpp;c;cc;cxx;def;odl;idl;hpj;bat;asm;asmx</Extensions>
    </Filter>
    <Filter Include="Resource Files">
      <UniqueIdentifier>{67DA6AB6-F800-4c08-8B7A-83BB121AAD01}</UniqueIdentifier>
      <Extensions>rc;ico;cur;bmp;dlg;rc2;rct;bin;rgs;gif;jpg;jpeg;jpe;resx;tiff;tif;png;wav;mfcribbon-ms</Extensions>
    </Filter>
    <Filter Include="Source Files\YaoSemiHonest">
      <UniqueIdentifier>{a9dba6ec-313c-480c-ab38-51fb2ffd846d}</UniqueIdentifier>
    </Filter>
    <Filter Include="Source Files\SigmaProtocols">
      <UniqueIdentifier>{5dfb209e-d577-4e73-bcf0-68d86bc4b977}</UniqueIdentifier>
    </Filter>
    <Filter Include="Source Files\Comm">
      <UniqueIdentifier>{232ef57d-6802-4dc6-9f42-d37ab8c289cd}</UniqueIdentifier>
    </Filter>
    <Filter Include="Source Files\Simple">
      <UniqueIdentifier>{a87533b8-12bc-4605-aeda-5383624a0c6c}</UniqueIdentifier>
    </Filter>
    <Filter Include="Source Files\maliciousOT">
      <UniqueIdentifier>{09bc7e6c-17ed-4ae2-a9ad-7aa317190b8f}</UniqueIdentifier>
    </Filter>
    <Filter Include="Source Files\Commitment">
      <UniqueIdentifier>{1c247d50-12c0-4304-bbc5-c7db98850716}</UniqueIdentifier>
    </Filter>
    <Filter Include="Source Files\Paillier">
      <UniqueIdentifier>{37b17ca1-5d06-4091-9900-6a702d0b49ce}</UniqueIdentifier>
    </Filter>
    <Filter Include="Source Files\OTExtensionBristol">
      <UniqueIdentifier>{85b4572b-ec74-4456-9210-51e8876b92ea}</UniqueIdentifier>
    </Filter>
    <Filter Include="Source Files\OT">
      <UniqueIdentifier>{e0eaf65e-d403-4d1f-9f12-493bd52e4406}</UniqueIdentifier>
    </Filter>
    <Filter Include="Resource Files\Header Files">
      <UniqueIdentifier>{93995380-89BD-4b04-88EB-625FBE52EBFB}</UniqueIdentifier>
      <Extensions>h;hh;hpp;hxx;hm;inl;inc;xsd</Extensions>
    </Filter>
    <Filter Include="Source Files\SemiHonestOT">
      <UniqueIdentifier>{6d52bb66-a10e-4ffc-9761-6a8b758b2849}</UniqueIdentifier>
    </Filter>
  </ItemGroup>
  <ItemGroup>
    <ClCompile Include="..\..\samples\Yao\App1.cpp">
      <Filter>Source Files\YaoSemiHonest</Filter>
    </ClCompile>
    <ClCompile Include="..\..\samples\Yao\YaoParties.cpp">
      <Filter>Source Files\YaoSemiHonest</Filter>
    </ClCompile>
    <ClCompile Include="..\..\samples\SigmaProtocols\SigmaProtocolExample.cpp">
      <Filter>Source Files\SigmaProtocols</Filter>
    </ClCompile>
    <ClCompile Include="..\..\samples\Comm\comm_example.cpp">
      <Filter>Source Files\Comm</Filter>
    </ClCompile>
    <ClCompile Include="..\..\samples\Simple\simple_dlog.cpp">
      <Filter>Source Files\Simple</Filter>
    </ClCompile>
    <ClCompile Include="..\..\samples\Simple\simple_sha1.cpp">
      <Filter>Source Files\Simple</Filter>
    </ClCompile>
    <ClCompile Include="..\..\samples\examples_main.cpp">
      <Filter>Source Files</Filter>
    </ClCompile>
    <ClCompile Include="..\..\samples\MaliciousOT\MaliciousOTExample.cpp">
      <Filter>Source Files\maliciousOT</Filter>
    </ClCompile>
    <ClCompile Include="..\..\samples\Commitment\CommitmentExample.cpp">
      <Filter>Source Files\Commitment</Filter>
    </ClCompile>
    <ClCompile Include="..\..\samples\Paillier\FdrPaillierParty.cpp">
      <Filter>Source Files\Paillier</Filter>
    </ClCompile>
    <ClCompile Include="..\..\samples\OTExtensionBristol\OTExtensionBristolExample.cpp">
      <Filter>Source Files\OTExtensionBristol</Filter>
    </ClCompile>
    <ClCompile Include="..\..\samples\OT\OTExample.cpp">
      <Filter>Resource Files</Filter>
    </ClCompile>
    <ClCompile Include="..\..\samples\SemiHonestOT\SemiHonestOT.cpp">
      <Filter>Source Files\SemiHonestOT</Filter>
    </ClCompile>
  </ItemGroup>
  <ItemGroup>
    <ClInclude Include="..\..\samples\Yao\YaoExample.hpp">
      <Filter>Source Files\YaoSemiHonest</Filter>
    </ClInclude>
    <ClInclude Include="..\..\samples\SigmaProtocols\SigmaProtocolExample.hpp">
      <Filter>Source Files\SigmaProtocols</Filter>
    </ClInclude>
    <ClInclude Include="..\..\samples\examples_main.hpp">
      <Filter>Source Files</Filter>
    </ClInclude>
    <ClInclude Include="..\..\samples\Commitment\CommitmentExample.hpp">
      <Filter>Source Files\Commitment</Filter>
    </ClInclude>
    <ClInclude Include="..\..\samples\OT\OTExample.h">
      <Filter>Source Files\OT</Filter>
    </ClInclude>
  </ItemGroup>
  <ItemGroup>
    <Text Include="..\..\samples\Comm\CommConfig.txt">
      <Filter>Source Files\Comm</Filter>
    </Text>
  </ItemGroup>
</Project>